
Microsoft Visual Studio Solution File, Format Version 12.00
# Visual Studio 15
VisualStudioVersion = 15.0.27130.2027
MinimumVisualStudioVersion = 10.0.40219.1
Project("{FAE04EC0-301F-11D3-BF4B-00C04F79EFBC}") = "CRM_wJames", "CRM_wJames\CRM_wJames.csproj", "{3F814D7B-B1F7-4FD5-A2E2-A3953C2F55B8}"
EndProject
Global
	GlobalSection(SolutionConfigurationPlatforms) = preSolution
		Debug|Any CPU = Debug|Any CPU
		Release|Any CPU = Release|Any CPU
	EndGlobalSection
	GlobalSection(ProjectConfigurationPlatforms) = postSolution
		{3F814D7B-B1F7-4FD5-A2E2-A3953C2F55B8}.Debug|Any CPU.ActiveCfg = Debug|Any CPU
		{3F814D7B-B1F7-4FD5-A2E2-A3953C2F55B8}.Debug|Any CPU.Build.0 = Debug|Any CPU
		{3F814D7B-B1F7-4FD5-A2E2-A3953C2F55B8}.Release|Any CPU.ActiveCfg = Release|Any CPU
		{3F814D7B-B1F7-4FD5-A2E2-A3953C2F55B8}.Release|Any CPU.Build.0 = Release|Any CPU
	EndGlobalSection
	GlobalSection(SolutionProperties) = preSolution
		HideSolutionNode = FALSE
	EndGlobalSection
	GlobalSection(ExtensibilityGlobals) = postSolution
		SolutionGuid = {DBBAE3DD-344D-4912-8050-0ECFF52F2CEE}
	EndGlobalSection
EndGlobal
